
Microsoft Visual Studio Solution File, Format Version 12.00
# Visual Studio Version 17
VisualStudioVersion = 17.13.35825.156 d17.13
MinimumVisualStudioVersion = 10.0.40219.1
Project("{FAE04EC0-301F-11D3-BF4B-00C04F79EFBC}") = "Threads", "Threads\Threads.csproj", "{50672402-C665-490D-89BF-713E6244F267}"
EndProject
Global
	GlobalSection(SolutionConfigurationPlatforms) = preSolution
		Debug|Any CPU = Debug|Any CPU
		Release|Any CPU = Release|Any CPU
	EndGlobalSection
	GlobalSection(ProjectConfigurationPlatforms) = postSolution
		{50672402-C665-490D-89BF-713E6244F267}.Debug|Any CPU.ActiveCfg = Debug|Any CPU
		{50672402-C665-490D-89BF-713E6244F267}.Debug|Any CPU.Build.0 = Debug|Any CPU
		{50672402-C665-490D-89BF-713E6244F267}.Release|Any CPU.ActiveCfg = Release|Any CPU
		{50672402-C665-490D-89BF-713E6244F267}.Release|Any CPU.Build.0 = Release|Any CPU
	EndGlobalSection
	GlobalSection(SolutionProperties) = preSolution
		HideSolutionNode = FALSE
	EndGlobalSection
	GlobalSection(ExtensibilityGlobals) = postSolution
		SolutionGuid = {6D93C36F-4AD1-41AE-BDBE-7B3855B1AEF7}
	EndGlobalSection
EndGlobal
